
Microsoft Visual Studio Solution File, Format Version 12.00
# Visual Studio 15
VisualStudioVersion = 15.0.28307.1340
MinimumVisualStudioVersion = 10.0.40219.1
Project("{FAE04EC0-301F-11D3-BF4B-00C04F79EFBC}") = "EstanteDeLivros", "EstanteDeLivros\EstanteDeLivros.csproj", "{DAE95860-F7A5-4C70-B907-94E2A8DC57B8}"
EndProject
Project("{FAE04EC0-301F-11D3-BF4B-00C04F79EFBC}") = "EstanteDeLivrosBiblioteca", "EstanteDeLivrosBiblioteca\EstanteDeLivrosBiblioteca.csproj", "{5D182C16-3AF5-4C40-B71C-8E8E767A4C58}"
EndProject
Global
	GlobalSection(SolutionConfigurationPlatforms) = preSolution
		Debug|Any CPU = Debug|Any CPU
		Release|Any CPU = Release|Any CPU
	EndGlobalSection
	GlobalSection(ProjectConfigurationPlatforms) = postSolution
		{DAE95860-F7A5-4C70-B907-94E2A8DC57B8}.Debug|Any CPU.ActiveCfg = Debug|Any CPU
		{DAE95860-F7A5-4C70-B907-94E2A8DC57B8}.Debug|Any CPU.Build.0 = Debug|Any CPU
		{DAE95860-F7A5-4C70-B907-94E2A8DC57B8}.Release|Any CPU.ActiveCfg = Release|Any CPU
		{DAE95860-F7A5-4C70-B907-94E2A8DC57B8}.Release|Any CPU.Build.0 = Release|Any CPU
		{5D182C16-3AF5-4C40-B71C-8E8E767A4C58}.Debug|Any CPU.ActiveCfg = Debug|Any CPU
		{5D182C16-3AF5-4C40-B71C-8E8E767A4C58}.Debug|Any CPU.Build.0 = Debug|Any CPU
		{5D182C16-3AF5-4C40-B71C-8E8E767A4C58}.Release|Any CPU.ActiveCfg = Release|Any CPU
		{5D182C16-3AF5-4C40-B71C-8E8E767A4C58}.Release|Any CPU.Build.0 = Release|Any CPU
	EndGlobalSection
	GlobalSection(SolutionProperties) = preSolution
		HideSolutionNode = FALSE
	EndGlobalSection
	GlobalSection(ExtensibilityGlobals) = postSolution
		SolutionGuid = {AEC559AC-94C8-4BA4-8026-A3DB22A37927}
	EndGlobalSection
EndGlobal
